
Microsoft Visual Studio Solution File, Format Version 12.00
# Visual Studio Version 17
VisualStudioVersion = 17.14.36623.8
MinimumVisualStudioVersion = 10.0.40219.1
Project("{FAE04EC0-301F-11D3-BF4B-00C04F79EFBC}") = "EvidenceAnalyzerAPI", "EvidenceAnalyzerAPI\EvidenceAnalyzerAPI.csproj", "{84B1E54E-A82A-48C8-86C9-A0C429A982F6}"
EndProject
Project("{FAE04EC0-301F-11D3-BF4B-00C04F79EFBC}") = "EvidenceAnalyzerApp", "EvidenceAnalyzerApp\EvidenceAnalyzerApp\EvidenceAnalyzerApp.csproj", "{9B7664BB-0F80-C66D-94A6-0D1748265836}"
EndProject
Project("{FAE04EC0-301F-11D3-BF4B-00C04F79EFBC}") = "MediaAnalyserClient", "MediaAnalyserClient\MediaAnalyserClient.csproj", "{674022D3-006C-46E0-8A18-289F8E2DBAAE}"
EndProject
Global
	GlobalSection(SolutionConfigurationPlatforms) = preSolution
		Debug|Any CPU = Debug|Any CPU
		Release|Any CPU = Release|Any CPU
	EndGlobalSection
	GlobalSection(ProjectConfigurationPlatforms) = postSolution
		{84B1E54E-A82A-48C8-86C9-A0C429A982F6}.Debug|Any CPU.ActiveCfg = Debug|Any CPU
		{84B1E54E-A82A-48C8-86C9-A0C429A982F6}.Debug|Any CPU.Build.0 = Debug|Any CPU
		{84B1E54E-A82A-48C8-86C9-A0C429A982F6}.Release|Any CPU.ActiveCfg = Release|Any CPU
		{84B1E54E-A82A-48C8-86C9-A0C429A982F6}.Release|Any CPU.Build.0 = Release|Any CPU
		{9B7664BB-0F80-C66D-94A6-0D1748265836}.Debug|Any CPU.ActiveCfg = Debug|Any CPU
		{9B7664BB-0F80-C66D-94A6-0D1748265836}.Debug|Any CPU.Build.0 = Debug|Any CPU
		{9B7664BB-0F80-C66D-94A6-0D1748265836}.Release|Any CPU.ActiveCfg = Release|Any CPU
		{9B7664BB-0F80-C66D-94A6-0D1748265836}.Release|Any CPU.Build.0 = Release|Any CPU
		{674022D3-006C-46E0-8A18-289F8E2DBAAE}.Debug|Any CPU.ActiveCfg = Debug|Any CPU
		{674022D3-006C-46E0-8A18-289F8E2DBAAE}.Debug|Any CPU.Build.0 = Debug|Any CPU
		{674022D3-006C-46E0-8A18-289F8E2DBAAE}.Release|Any CPU.ActiveCfg = Release|Any CPU
		{674022D3-006C-46E0-8A18-289F8E2DBAAE}.Release|Any CPU.Build.0 = Release|Any CPU
	EndGlobalSection
	GlobalSection(SolutionProperties) = preSolution
		HideSolutionNode = FALSE
	EndGlobalSection
	GlobalSection(ExtensibilityGlobals) = postSolution
		SolutionGuid = {31E88831-A0FE-4B82-AA22-496DA5995D5A}
	EndGlobalSection
EndGlobal
